
Microsoft Visual Studio Solution File, Format Version 12.00
# Visual Studio Version 16
VisualStudioVersion = 16.0.31624.102
MinimumVisualStudioVersion = 10.0.40219.1
Project("{FAE04EC0-301F-11D3-BF4B-00C04F79EFBC}") = "miniProject", "miniProject\miniProject.csproj", "{71C63F7D-7CE7-4223-8C16-181CD879CEEE}"
EndProject
Global
	GlobalSection(SolutionConfigurationPlatforms) = preSolution
		Debug|Any CPU = Debug|Any CPU
		Release|Any CPU = Release|Any CPU
	EndGlobalSection
	GlobalSection(ProjectConfigurationPlatforms) = postSolution
		{71C63F7D-7CE7-4223-8C16-181CD879CEEE}.Debug|Any CPU.ActiveCfg = Debug|Any CPU
		{71C63F7D-7CE7-4223-8C16-181CD879CEEE}.Debug|Any CPU.Build.0 = Debug|Any CPU
		{71C63F7D-7CE7-4223-8C16-181CD879CEEE}.Release|Any CPU.ActiveCfg = Release|Any CPU
		{71C63F7D-7CE7-4223-8C16-181CD879CEEE}.Release|Any CPU.Build.0 = Release|Any CPU
	EndGlobalSection
	GlobalSection(SolutionProperties) = preSolution
		HideSolutionNode = FALSE
	EndGlobalSection
	GlobalSection(ExtensibilityGlobals) = postSolution
		SolutionGuid = {85B69A5A-AD99-4942-AF9A-182C2CB4DA09}
	EndGlobalSection
EndGlobal
